
Microsoft Visual Studio Solution File, Format Version 12.00
Project("{FAE04EC0-301F-11D3-BF4B-00C04F79EFBC}") = "scheduller.api", "scheduller.api\scheduller.api.csproj", "{0AB321ED-C7C3-404C-845F-1327C0753D5E}"
EndProject
Project("{FAE04EC0-301F-11D3-BF4B-00C04F79EFBC}") = "TestClassLibrary", "TestClassLibrary\TestClassLibrary.csproj", "{D12567CE-6613-42CC-9FE5-2D8FD3A5CA45}"
EndProject
Global
	GlobalSection(SolutionConfigurationPlatforms) = preSolution
		Debug|Any CPU = Debug|Any CPU
		Release|Any CPU = Release|Any CPU
	EndGlobalSection
	GlobalSection(ProjectConfigurationPlatforms) = postSolution
		{0AB321ED-C7C3-404C-845F-1327C0753D5E}.Debug|Any CPU.ActiveCfg = Debug|Any CPU
		{0AB321ED-C7C3-404C-845F-1327C0753D5E}.Debug|Any CPU.Build.0 = Debug|Any CPU
		{0AB321ED-C7C3-404C-845F-1327C0753D5E}.Release|Any CPU.ActiveCfg = Release|Any CPU
		{0AB321ED-C7C3-404C-845F-1327C0753D5E}.Release|Any CPU.Build.0 = Release|Any CPU
		{D12567CE-6613-42CC-9FE5-2D8FD3A5CA45}.Debug|Any CPU.ActiveCfg = Debug|Any CPU
		{D12567CE-6613-42CC-9FE5-2D8FD3A5CA45}.Debug|Any CPU.Build.0 = Debug|Any CPU
		{D12567CE-6613-42CC-9FE5-2D8FD3A5CA45}.Release|Any CPU.ActiveCfg = Release|Any CPU
		{D12567CE-6613-42CC-9FE5-2D8FD3A5CA45}.Release|Any CPU.Build.0 = Release|Any CPU
	EndGlobalSection
EndGlobal
